version = 1
revision = 1
requires-python = ">=3.13"

[[package]]
name = "cachetools"
version = "6.2.1"
source = { registry = "https://pypi.org/simple" }
sdist = { url = "https://files.pythonhosted.org/packages/cc/7e/b975b5814bd36faf009faebe22c1072a1fa1168db34d285ef0ba071ad78c/cachetools-6.2.1.tar.gz", hash = "sha256:3f391e4bd8f8bf0931169baf7456cc822705f4e2a31f840d218f445b9a854201", size = 31325 }
wheels = [
    { url = "https://files.pythonhosted.org/packages/96/c5/1e741d26306c42e2bf6ab740b2202872727e0f606033c9dd713f8b93f5a8/cachetools-6.2.1-py3-none-any.whl", hash = "sha256:09868944b6dde876dfd44e1d47e18484541eaf12f26f29b7af91b26cc892d701", size = 11280 },
]

[[package]]
name = "python-dotenv"
version = "1.2.1"
source = { registry = "https://pypi.org/simple" }
sdist = { url = "https://files.pythonhosted.org/packages/f0/26/19cadc79a718c5edbec86fd4919a6b6d3f681039a2f6d66d14be94e75fb9/python_dotenv-1.2.1.tar.gz", hash = "sha256:42667e897e16ab0d66954af0e60a9caa94f0fd4ecf3aaf6d2d260eec1aa36ad6", size = 44221 }
wheels = [
    { url = "https://files.pythonhosted.org/packages/14/1b/a298b06749107c305e1fe0f814c6c74aea7b2f1e10989cb30f544a1b3253/python_dotenv-1.2.1-py3-none-any.whl", hash = "sha256:b81ee9561e9ca4004139c6cbba3a238c32b03e4894671e181b671e8cb8425d61", size = 21230 },
]

[[package]]
name = "slack-bolt"
version = "1.26.0"
source = { registry = "https://pypi.org/simple" }
dependencies = [
    { name = "slack-sdk" },
]
sdist = { url = "https://files.pythonhosted.org/packages/c3/14/0f490731fbfc95b5711e8124b30bb6e2a4be5edad22256891adad66f8b79/slack_bolt-1.26.0.tar.gz", hash = "sha256:b0b806b9dcf009ee50172830c1d170e231cd873c5b819703bbcdc59a0fe5ff3e", size = 129915 }
wheels = [
    { url = "https://files.pythonhosted.org/packages/fa/77/57aff95f88f2f1a959088ff29c45ceaf8dcad540e9966b647d6942a007f0/slack_bolt-1.26.0-py2.py3-none-any.whl", hash = "sha256:d8386ecb27aaa487c1a5e4b43a4125f532100fc3a26e49dd2a66f5837ff2e3be", size = 230084 },
]

[[package]]
name = "slack-sdk"
version = "3.37.0"
source = { registry = "https://pypi.org/simple" }
sdist = { url = "https://files.pythonhosted.org/packages/8e/c2/0a174a155623d7dc3ed4d1360cdf755590acdc2c3fc9ce0d2340f468909f/slack_sdk-3.37.0.tar.gz", hash = "sha256:242d6cffbd9e843af807487ff04853189b812081aeaa22f90a8f159f20220ed9", size = 241612 }
wheels = [
    { url = "https://files.pythonhosted.org/packages/07/fd/a502ee24d8c7d12a8f749878ae0949b8eeb50aeac22dc5a613d417a256d0/slack_sdk-3.37.0-py2.py3-none-any.whl", hash = "sha256:e108a0836eafda74d8a95e76c12c2bcb010e645d504d8497451e4c7ebb229c87", size = 302751 },
]

[[package]]
name = "slackpoint"
version = "0.1.0"
source = { virtual = "." }
dependencies = [
    { name = "cachetools" },
    { name = "python-dotenv" },
    { name = "slack-bolt" },
]

[package.metadata]
requires-dist = [
    { name = "cachetools", specifier = ">=6.2.1" },
    { name = "python-dotenv", specifier = ">=1.2.1" },
    { name = "slack-bolt", specifier = ">=1.26.0" },
]
